
Microsoft Visual Studio Solution File, Format Version 12.00
# Visual Studio Version 16
VisualStudioVersion = 16.0.31112.23
MinimumVisualStudioVersion = 10.0.40219.1
Project("{FAE04EC0-301F-11D3-BF4B-00C04F79EFBC}") = "Lab2_LTWeb", "Lab2_LTWeb\Lab2_LTWeb.csproj", "{C228D083-E850-4C13-B3FD-7449B4B0F035}"
EndProject
Global
	GlobalSection(SolutionConfigurationPlatforms) = preSolution
		Debug|Any CPU = Debug|Any CPU
		Release|Any CPU = Release|Any CPU
	EndGlobalSection
	GlobalSection(ProjectConfigurationPlatforms) = postSolution
		{C228D083-E850-4C13-B3FD-7449B4B0F035}.Debug|Any CPU.ActiveCfg = Debug|Any CPU
		{C228D083-E850-4C13-B3FD-7449B4B0F035}.Debug|Any CPU.Build.0 = Debug|Any CPU
		{C228D083-E850-4C13-B3FD-7449B4B0F035}.Release|Any CPU.ActiveCfg = Release|Any CPU
		{C228D083-E850-4C13-B3FD-7449B4B0F035}.Release|Any CPU.Build.0 = Release|Any CPU
	EndGlobalSection
	GlobalSection(SolutionProperties) = preSolution
		HideSolutionNode = FALSE
	EndGlobalSection
	GlobalSection(ExtensibilityGlobals) = postSolution
		SolutionGuid = {A1D9BF57-18B4-434A-983C-045356EC98F4}
	EndGlobalSection
EndGlobal
